// !$*UTF8*$!
{
	archiveVersion = 1;
	classes = {
	};
	objectVersion = 46;
	objects = {

/* Begin PBXBuildFile section */
		18C927801DE4916F00B8011A /* main.m in Sources */ = {isa = PBXBuildFile; fileRef = 18C9277F1DE4916F00B8011A /* main.m */; };
		18C927831DE4916F00B8011A /* AppDelegate.m in Sources */ = {isa = PBXBuildFile; fileRef = 18C927821DE4916F00B8011A /* AppDelegate.m */; };
		18C927861DE4916F00B8011A /* ViewController.m in Sources */ = {isa = PBXBuildFile; fileRef = 18C927851DE4916F00B8011A /* ViewController.m */; };
		18C927891DE4916F00B8011A /* Main.storyboard in Resources */ = {isa = PBXBuildFile; fileRef = 18C927871DE4916F00B8011A /* Main.storyboard */; };
		18C9278B1DE4916F00B8011A /* Assets.xcassets in Resources */ = {isa = PBXBuildFile; fileRef = 18C9278A1DE4916F00B8011A /* Assets.xcassets */; };
		18C927991DE4916F00B8011A /* CAKeyframeAnimationTests.m in Sources */ = {isa = PBXBuildFile; fileRef = 18C927981DE4916F00B8011A /* CAKeyframeAnimationTests.m */; };
/* End PBXBuildFile section */

/* Begin PBXContainerItemProxy section */
		18C927951DE4916F00B8011A /* PBXContainerItemProxy */ = {
			isa = PBXContainerItemProxy;
			containerPortal = 18C927731DE4916F00B8011A /* Project object */;
			proxyType = 1;
			remoteGlobalIDString = 18C9277A1DE4916F00B8011A;
			remoteInfo = CAKeyframeAnimation;
		};
/* End PBXContainerItemProxy section */

/* Begin PBXFileReference section */
		18C9277B1DE4916F00B8011A /* CAKeyframeAnimation.app */ = {isa = PBXFileReference; explicitFileType = wrapper.application; includeInIndex = 0; path = CAKeyframeAnimation.app; sourceTree = BUILT_PRODUCTS_DIR; };
		18C9277F1DE4916F00B8011A /* main.m */ = {isa = PBXFileReference; lastKnownFileType = sourcecode.c.objc; path = main.m; sourceTree = "<group>"; };
		18C927811DE4916F00B8011A /* AppDelegate.h */ = {isa = PBXFileReference; lastKnownFileType = sourcecode.c.h; path = AppDelegate.h; sourceTree = "<group>"; };
		18C927821DE4916F00B8011A /* AppDelegate.m */ = {isa = PBXFileReference; lastKnownFileType = sourcecode.c.objc; path = AppDelegate.m; sourceTree = "<group>"; };
		18C927841DE4916F00B8011A /* ViewController.h */ = {isa = PBXFileReference; lastKnownFileType = sourcecode.c.h; path = ViewController.h; sourceTree = "<group>"; };
		18C927851DE4916F00B8011A /* ViewController.m */ = {isa = PBXFileReference; lastKnownFileType = sourcecode.c.objc; path = ViewController.m; sourceTree = "<group>"; };
		18C927881DE4916F00B8011A /* Base */ = {isa = PBXFileReference; lastKnownFileType = file.storyboard; name = Base; path = Base.lproj/Main.storyboard; sourceTree = "<group>"; };
		18C9278A1DE4916F00B8011A /* Assets.xcassets */ = {isa = PBXFileReference; lastKnownFileType = folder.assetcatalog; path = Assets.xcassets; sourceTree = "<group>"; };
		18C9278F1DE4916F00B8011A /* Info.plist */ = {isa = PBXFileReference; lastKnownFileType = text.plist.xml; path = Info.plist; sourceTree = "<group>"; };
		18C927941DE4916F00B8011A /* CAKeyframeAnimationTests.xctest */ = {isa = PBXFileReference; explicitFileType = wrapper.cfbundle; includeInIndex = 0; path = CAKeyframeAnimationTests.xctest; sourceTree = BUILT_PRODUCTS_DIR; };
		18C927981DE4916F00B8011A /* CAKeyframeAnimationTests.m */ = {isa = PBXFileReference; lastKnownFileType = sourcecode.c.objc; path = CAKeyframeAnimationTests.m; sourceTree = "<group>"; };
		18C9279A1DE4916F00B8011A /* Info.plist */ = {isa = PBXFileReference; lastKnownFileType = text.plist.xml; path = Info.plist; sourceTree = "<group>"; };
/* End PBXFileReference section */

/* Begin PBXFrameworksBuildPhase section */
		18C927781DE4916F00B8011A /* Frameworks */ = {
			isa = PBXFrameworksBuildPhase;
			buildActionMask = 2147483647;
			files = (
			);
			runOnlyForDeploymentPostprocessing = 0;
		};
		18C927911DE4916F00B8011A /* Frameworks */ = {
			isa = PBXFrameworksBuildPhase;
			buildActionMask = 2147483647;
			files = (
			);
			runOnlyForDeploymentPostprocessing = 0;
		};
/* End PBXFrameworksBuildPhase section */

/* Begin PBXGroup section */
		18C927721DE4916F00B8011A = {
			isa = PBXGroup;
			children = (
				18C9277D1DE4916F00B8011A /* CAKeyframeAnimation */,
				18C927971DE4916F00B8011A /* CAKeyframeAnimationTests */,
				18C9277C1DE4916F00B8011A /* Products */,
			);
			sourceTree = "<group>";
		};
		18C9277C1DE4916F00B8011A /* Products */ = {
			isa = PBXGroup;
			children = (
				18C9277B1DE4916F00B8011A /* CAKeyframeAnimation.app */,
				18C927941DE4916F00B8011A /* CAKeyframeAnimationTests.xctest */,
			);
			name = Products;
			sourceTree = "<group>";
		};
		18C9277D1DE4916F00B8011A /* CAKeyframeAnimation */ = {
			isa = PBXGroup;
			children = (
				18C927811DE4916F00B8011A /* AppDelegate.h */,
				18C927821DE4916F00B8011A /* AppDelegate.m */,
				18C927841DE4916F00B8011A /* ViewController.h */,
				18C927851DE4916F00B8011A /* ViewController.m */,
				18C927871DE4916F00B8011A /* Main.storyboard */,
				18C9278A1DE4916F00B8011A /* Assets.xcassets */,
				18C9278F1DE4916F00B8011A /* Info.plist */,
				18C9277E1DE4916F00B8011A /* Supporting Files */,
			);
			path = CAKeyframeAnimation;
			sourceTree = "<group>";
		};
		18C9277E1DE4916F00B8011A /* Supporting Files */ = {
			isa = PBXGroup;
			children = (
				18C9277F1DE4916F00B8011A /* main.m */,
			);
			name = "Supporting Files";
			sourceTree = "<group>";
		};
		18C927971DE4916F00B8011A /* CAKeyframeAnimationTests */ = {
			isa = PBXGroup;
			children = (
				18C927981DE4916F00B8011A /* CAKeyframeAnimationTests.m */,
				18C9279A1DE4916F00B8011A /* Info.plist */,
			);
			path = CAKeyframeAnimationTests;
			sourceTree = "<group>";
		};
/* End PBXGroup section */

/* Begin PBXNativeTarget section */
		18C9277A1DE4916F00B8011A /* CAKeyframeAnimation */ = {
			isa = PBXNativeTarget;
			buildConfigurationList = 18C9279D1DE4916F00B8011A /* Build configuration list for PBXNativeTarget "CAKeyframeAnimation" */;
			buildPhases = (
				18C927771DE4916F00B8011A /* Sources */,
				18C927781DE4916F00B8011A /* Frameworks */,
				18C927791DE4916F00B8011A /* Resources */,
			);
			buildRules = (
			);
			dependencies = (
			);
			name = CAKeyframeAnimation;
			productName = CAKeyframeAnimation;
			productReference = 18C9277B1DE4916F00B8011A /* CAKeyframeAnimation.app */;
			productType = "com.apple.product-type.application";
		};
		18C927931DE4916F00B8011A /* CAKeyframeAnimationTests */ = {
			isa = PBXNativeTarget;
			buildConfigurationList = 18C927A01DE4916F00B8011A /* Build configuration list for PBXNativeTarget "CAKeyframeAnimationTests" */;
			buildPhases = (
				18C927901DE4916F00B8011A /* Sources */,
				18C927911DE4916F00B8011A /* Frameworks */,
				18C927921DE4916F00B8011A /* Resources */,
			);
			buildRules = (
			);
			dependencies = (
				18C927961DE4916F00B8011A /* PBXTargetDependency */,
			);
			name = CAKeyframeAnimationTests;
			productName = CAKeyframeAnimationTests;
			productReference = 18C927941DE4916F00B8011A /* CAKeyframeAnimationTests.xctest */;
			productType = "com.apple.product-type.bundle.unit-test";
		};
/* End PBXNativeTarget section */

/* Begin PBXProject section */
		18C927731DE4916F00B8011A /* Project object */ = {
			isa = PBXProject;
			attributes = {
				LastUpgradeCheck = 0810;
				ORGANIZATIONNAME = apple;
				TargetAttributes = {
					18C9277A1DE4916F00B8011A = {
						CreatedOnToolsVersion = 8.1;
						ProvisioningStyle = Automatic;
					};
					18C927931DE4916F00B8011A = {
						CreatedOnToolsVersion = 8.1;
						ProvisioningStyle = Automatic;
						TestTargetID = 18C9277A1DE4916F00B8011A;
					};
				};
			};
			buildConfigurationList = 18C927761DE4916F00B8011A /* Build configuration list for PBXProject "CAKeyframeAnimation" */;
			compatibilityVersion = "Xcode 3.2";
			developmentRegion = English;
			hasScannedForEncodings = 0;
			knownRegions = (
				en,
				Base,
			);
			mainGroup = 18C927721DE4916F00B8011A;
			productRefGroup = 18C9277C1DE4916F00B8011A /* Products */;
			projectDirPath = "";
			projectRoot = "";
			targets = (
				18C9277A1DE4916F00B8011A /* CAKeyframeAnimation */,
				18C927931DE4916F00B8011A /* CAKeyframeAnimationTests */,
			);
		};
/* End PBXProject section */

/* Begin PBXResourcesBuildPhase section */
		18C927791DE4916F00B8011A /* Resources */ = {
			isa = PBXResourcesBuildPhase;
			buildActionMask = 2147483647;
			files = (
				18C9278B1DE4916F00B8011A /* Assets.xcassets in Resources */,
				18C927891DE4916F00B8011A /* Main.storyboard in Resources */,
			);
			runOnlyForDeploymentPostprocessing = 0;
		};
		18C927921DE4916F00B8011A /* Resources */ = {
			isa = PBXResourcesBuildPhase;
			buildActionMask = 2147483647;
			files = (
			);
			runOnlyForDeploymentPostprocessing = 0;
		};
/* End PBXResourcesBuildPhase section */

/* Begin PBXSourcesBuildPhase section */
		18C927771DE4916F00B8011A /* Sources */ = {
			isa = PBXSourcesBuildPhase;
			buildActionMask = 2147483647;
			files = (
				18C927861DE4916F00B8011A /* ViewController.m in Sources */,
				18C927831DE4916F00B8011A /* AppDelegate.m in Sources */,
				18C927801DE4916F00B8011A /* main.m in Sources */,
			);
			runOnlyForDeploymentPostprocessing = 0;
		};
		18C927901DE4916F00B8011A /* Sources */ = {
			isa = PBXSourcesBuildPhase;
			buildActionMask = 2147483647;
			files = (
				18C927991DE4916F00B8011A /* CAKeyframeAnimationTests.m in Sources */,
			);
			runOnlyForDeploymentPostprocessing = 0;
		};
/* End PBXSourcesBuildPhase section */

/* Begin PBXTargetDependency section */
		18C927961DE4916F00B8011A /* PBXTargetDependency */ = {
			isa = PBXTargetDependency;
			target = 18C9277A1DE4916F00B8011A /* CAKeyframeAnimation */;
			targetProxy = 18C927951DE4916F00B8011A /* PBXContainerItemProxy */;
		};
/* End PBXTargetDependency section */

/* Begin PBXVariantGroup section */
		18C927871DE4916F00B8011A /* Main.storyboard */ = {
			isa = PBXVariantGroup;
			children = (
				18C927881DE4916F00B8011A /* Base */,
			);
			name = Main.storyboard;
			sourceTree = "<group>";
		};
/* End PBXVariantGroup section */

/* Begin XCBuildConfiguration section */
		18C9279B1DE4916F00B8011A /* Debug */ = {
			isa = XCBuildConfiguration;
			buildSettings = {
				ALWAYS_SEARCH_USER_PATHS = NO;
				CLANG_ANALYZER_NONNULL = YES;
				CLANG_CXX_LANGUAGE_STANDARD = "gnu++0x";
				CLANG_CXX_LIBRARY = "libc++";
				CLANG_ENABLE_MODULES = YES;
				CLANG_ENABLE_OBJC_ARC = YES;
				CLANG_WARN_BOOL_CONVERSION = YES;
				CLANG_WARN_CONSTANT_CONVERSION = YES;
				CLANG_WARN_DIRECT_OBJC_ISA_USAGE = YES_ERROR;
				CLANG_WARN_DOCUMENTATION_COMMENTS = YES;
				CLANG_WARN_EMPTY_BODY = YES;
				CLANG_WARN_ENUM_CONVERSION = YES;
				CLANG_WARN_INFINITE_RECURSION = YES;
				CLANG_WARN_INT_CONVERSION = YES;
				CLANG_WARN_OBJC_ROOT_CLASS = YES_ERROR;
				CLANG_WARN_SUSPICIOUS_MOVES = YES;
				CLANG_WARN_UNREACHABLE_CODE = YES;
				CLANG_WARN__DUPLICATE_METHOD_MATCH = YES;
				"CODE_SIGN_IDENTITY[sdk=iphoneos*]" = "iPhone Developer";
				COPY_PHASE_STRIP = NO;
				DEBUG_INFORMATION_FORMAT = dwarf;
				ENABLE_STRICT_OBJC_MSGSEND = YES;
				ENABLE_TESTABILITY = YES;
				GCC_C_LANGUAGE_STANDARD = gnu99;
				GCC_DYNAMIC_NO_PIC = NO;
				GCC_NO_COMMON_BLOCKS = YES;
				GCC_OPTIMIZATION_LEVEL = 0;
				GCC_PREPROCESSOR_DEFINITIONS = (
					"DEBUG=1",
					"$(inherited)",
				);
				GCC_WARN_64_TO_32_BIT_CONVERSION = YES;
				GCC_WARN_ABOUT_RETURN_TYPE = YES_ERROR;
				GCC_WARN_UNDECLARED_SELECTOR = YES;
				GCC_WARN_UNINITIALIZED_AUTOS = YES_AGGRESSIVE;
				GCC_WARN_UNUSED_FUNCTION = YES;
				GCC_WARN_UNUSED_VARIABLE = YES;
				IPHONEOS_DEPLOYMENT_TARGET = 10.1;
				MTL_ENABLE_DEBUG_INFO = YES;
				ONLY_ACTIVE_ARCH = YES;
				SDKROOT = iphoneos;
			};
			name = Debug;
		};
		18C9279C1DE4916F00B8011A /* Release */ = {
			isa = XCBuildConfiguration;
			buildSettings = {
				ALWAYS_SEARCH_USER_PATHS = NO;
				CLANG_ANALYZER_NONNULL = YES;
				CLANG_CXX_LANGUAGE_STANDARD = "gnu++0x";
				CLANG_CXX_LIBRARY = "libc++";
				CLANG_ENABLE_MODULES = YES;
				CLANG_ENABLE_OBJC_ARC = YES;
				CLANG_WARN_BOOL_CONVERSION = YES;
				CLANG_WARN_CONSTANT_CONVERSION = YES;
				CLANG_WARN_DIRECT_OBJC_ISA_USAGE = YES_ERROR;
				CLANG_WARN_DOCUMENTATION_COMMENTS = YES;
				CLANG_WARN_EMPTY_BODY = YES;
				CLANG_WARN_ENUM_CONVERSION = YES;
				CLANG_WARN_INFINITE_RECURSION = YES;
				CLANG_WARN_INT_CONVERSION = YES;
				CLANG_WARN_OBJC_ROOT_CLASS = YES_ERROR;
				CLANG_WARN_SUSPICIOUS_MOVES = YES;
				CLANG_WARN_UNREACHABLE_CODE = YES;
				CLANG_WARN__DUPLICATE_METHOD_MATCH = YES;
				"CODE_SIGN_IDENTITY[sdk=iphoneos*]" = "iPhone Developer";
				COPY_PHASE_STRIP = NO;
				DEBUG_INFORMATION_FORMAT = "dwarf-with-dsym";
				ENABLE_NS_ASSERTIONS = NO;
				ENABLE_STRICT_OBJC_MSGSEND = YES;
				GCC_C_LANGUAGE_STANDARD = gnu99;
				GCC_NO_COMMON_BLOCKS = YES;
				GCC_WARN_64_TO_32_BIT_CONVERSION = YES;
				GCC_WARN_ABOUT_RETURN_TYPE = YES_ERROR;
				GCC_WARN_UNDECLARED_SELECTOR = YES;
				GCC_WARN_UNINITIALIZED_AUTOS = YES_AGGRESSIVE;
				GCC_WARN_UNUSED_FUNCTION = YES;
				GCC_WARN_UNUSED_VARIABLE = YES;
				IPHONEOS_DEPLOYMENT_TARGET = 10.1;
				MTL_ENABLE_DEBUG_INFO = NO;
				SDKROOT = iphoneos;
				VALIDATE_PRODUCT = YES;
			};
			name = Release;
		};
		18C9279E1DE4916F00B8011A /* Debug */ = {
			isa = XCBuildConfiguration;
			buildSettings = {
				ASSETCATALOG_COMPILER_APPICON_NAME = AppIcon;
				INFOPLIST_FILE = CAKeyframeAnimation/Info.plist;
				LD_RUNPATH_SEARCH_PATHS = "$(inherited) @executable_path/Frameworks";
				PRODUCT_BUNDLE_IDENTIFIER = cn.sunco.CAKeyframeAnimation;
				PRODUCT_NAME = "$(TARGET_NAME)";
			};
			name = Debug;
		};
		18C9279F1DE4916F00B8011A /* Release */ = {
			isa = XCBuildConfiguration;
			buildSettings = {
				ASSETCATALOG_COMPILER_APPICON_NAME = AppIcon;
				INFOPLIST_FILE = CAKeyframeAnimation/Info.plist;
				LD_RUNPATH_SEARCH_PATHS = "$(inherited) @executable_path/Frameworks";
				PRODUCT_BUNDLE_IDENTIFIER = cn.sunco.CAKeyframeAnimation;
				PRODUCT_NAME = "$(TARGET_NAME)";
			};
			name = Release;
		};
		18C927A11DE4916F00B8011A /* Debug */ = {
			isa = XCBuildConfiguration;
			buildSettings = {
				BUNDLE_LOADER = "$(TEST_HOST)";
				INFOPLIST_FILE = CAKeyframeAnimationTests/Info.plist;
				LD_RUNPATH_SEARCH_PATHS = "$(inherited) @executable_path/Frameworks @loader_path/Frameworks";
				PRODUCT_BUNDLE_IDENTIFIER = cn.sunco.CAKeyframeAnimationTests;
				PRODUCT_NAME = "$(TARGET_NAME)";
				TEST_HOST = "$(BUILT_PRODUCTS_DIR)/CAKeyframeAnimation.app/CAKeyframeAnimation";
			};
			name = Debug;
		};
		18C927A21DE4916F00B8011A /* Release */ = {
			isa = XCBuildConfiguration;
			buildSettings = {
				BUNDLE_LOADER = "$(TEST_HOST)";
				INFOPLIST_FILE = CAKeyframeAnimationTests/Info.plist;
				LD_RUNPATH_SEARCH_PATHS = "$(inherited) @executable_path/Frameworks @loader_path/Frameworks";
				PRODUCT_BUNDLE_IDENTIFIER = cn.sunco.CAKeyframeAnimationTests;
				PRODUCT_NAME = "$(TARGET_NAME)";
				TEST_HOST = "$(BUILT_PRODUCTS_DIR)/CAKeyframeAnimation.app/CAKeyframeAnimation";
			};
			name = Release;
		};
/* End XCBuildConfiguration section */

/* Begin XCConfigurationList section */
		18C927761DE4916F00B8011A /* Build configuration list for PBXProject "CAKeyframeAnimation" */ = {
			isa = XCConfigurationList;
			buildConfigurations = (
				18C9279B1DE4916F00B8011A /* Debug */,
				18C9279C1DE4916F00B8011A /* Release */,
			);
			defaultConfigurationIsVisible = 0;
			defaultConfigurationName = Release;
		};
		18C9279D1DE4916F00B8011A /* Build configuration list for PBXNativeTarget "CAKeyframeAnimation" */ = {
			isa = XCConfigurationList;
			buildConfigurations = (
				18C9279E1DE4916F00B8011A /* Debug */,
				18C9279F1DE4916F00B8011A /* Release */,
			);
			defaultConfigurationIsVisible = 0;
		};
		18C927A01DE4916F00B8011A /* Build configuration list for PBXNativeTarget "CAKeyframeAnimationTests" */ = {
			isa = XCConfigurationList;
			buildConfigurations = (
				18C927A11DE4916F00B8011A /* Debug */,
				18C927A21DE4916F00B8011A /* Release */,
			);
			defaultConfigurationIsVisible = 0;
		};
/* End XCConfigurationList section */
	};
	rootObject = 18C927731DE4916F00B8011A /* Project object */;
}
